
Microsoft Visual Studio Solution File, Format Version 12.00
# Visual Studio 15
VisualStudioVersion = 15.0.26124.0
MinimumVisualStudioVersion = 15.0.26124.0
Project("{2150E333-8FDC-42A3-9474-1A3956D46DE8}") = "src", "src", "{C3106F6B-9D1C-4DAC-8E3A-394ADD262160}"
EndProject
Project("{FAE04EC0-301F-11D3-BF4B-00C04F79EFBC}") = "ClassLibrary", "src\ClassLibrary\ClassLibrary.csproj", "{E14DA56B-13B7-493E-86D2-CB78EA85880B}"
EndProject
Project("{2150E333-8FDC-42A3-9474-1A3956D46DE8}") = "test", "test", "{37325D2F-A219-4301-94DB-0584B1098F8A}"
EndProject
Project("{FAE04EC0-301F-11D3-BF4B-00C04F79EFBC}") = "ClassLibraryTest", "test\ClassLibraryTest\ClassLibraryTest.csproj", "{0B58047F-2083-45EF-AFB4-D8E1F46D47D2}"
EndProject
Project("{FAE04EC0-301F-11D3-BF4B-00C04F79EFBC}") = "fibo", "src\fibo\fibo.csproj", "{944877C7-4B0E-4DF1-9C6B-E3FDCCE8C21B}"
EndProject
Global
	GlobalSection(SolutionConfigurationPlatforms) = preSolution
		Debug|Any CPU = Debug|Any CPU
		Debug|x64 = Debug|x64
		Debug|x86 = Debug|x86
		Release|Any CPU = Release|Any CPU
		Release|x64 = Release|x64
		Release|x86 = Release|x86
	EndGlobalSection
	GlobalSection(SolutionProperties) = preSolution
		HideSolutionNode = FALSE
	EndGlobalSection
	GlobalSection(ProjectConfigurationPlatforms) = postSolution
		{E14DA56B-13B7-493E-86D2-CB78EA85880B}.Debug|Any CPU.ActiveCfg = Debug|Any CPU
		{E14DA56B-13B7-493E-86D2-CB78EA85880B}.Debug|Any CPU.Build.0 = Debug|Any CPU
		{E14DA56B-13B7-493E-86D2-CB78EA85880B}.Debug|x64.ActiveCfg = Debug|Any CPU
		{E14DA56B-13B7-493E-86D2-CB78EA85880B}.Debug|x64.Build.0 = Debug|Any CPU
		{E14DA56B-13B7-493E-86D2-CB78EA85880B}.Debug|x86.ActiveCfg = Debug|Any CPU
		{E14DA56B-13B7-493E-86D2-CB78EA85880B}.Debug|x86.Build.0 = Debug|Any CPU
		{E14DA56B-13B7-493E-86D2-CB78EA85880B}.Release|Any CPU.ActiveCfg = Release|Any CPU
		{E14DA56B-13B7-493E-86D2-CB78EA85880B}.Release|Any CPU.Build.0 = Release|Any CPU
		{E14DA56B-13B7-493E-86D2-CB78EA85880B}.Release|x64.ActiveCfg = Release|Any CPU
		{E14DA56B-13B7-493E-86D2-CB78EA85880B}.Release|x64.Build.0 = Release|Any CPU
		{E14DA56B-13B7-493E-86D2-CB78EA85880B}.Release|x86.ActiveCfg = Release|Any CPU
		{E14DA56B-13B7-493E-86D2-CB78EA85880B}.Release|x86.Build.0 = Release|Any CPU
		{0B58047F-2083-45EF-AFB4-D8E1F46D47D2}.Debug|Any CPU.ActiveCfg = Debug|Any CPU
		{0B58047F-2083-45EF-AFB4-D8E1F46D47D2}.Debug|Any CPU.Build.0 = Debug|Any CPU
		{0B58047F-2083-45EF-AFB4-D8E1F46D47D2}.Debug|x64.ActiveCfg = Debug|Any CPU
		{0B58047F-2083-45EF-AFB4-D8E1F46D47D2}.Debug|x64.Build.0 = Debug|Any CPU
		{0B58047F-2083-45EF-AFB4-D8E1F46D47D2}.Debug|x86.ActiveCfg = Debug|Any CPU
		{0B58047F-2083-45EF-AFB4-D8E1F46D47D2}.Debug|x86.Build.0 = Debug|Any CPU
		{0B58047F-2083-45EF-AFB4-D8E1F46D47D2}.Release|Any CPU.ActiveCfg = Release|Any CPU
		{0B58047F-2083-45EF-AFB4-D8E1F46D47D2}.Release|Any CPU.Build.0 = Release|Any CPU
		{0B58047F-2083-45EF-AFB4-D8E1F46D47D2}.Release|x64.ActiveCfg = Release|Any CPU
		{0B58047F-2083-45EF-AFB4-D8E1F46D47D2}.Release|x64.Build.0 = Release|Any CPU
		{0B58047F-2083-45EF-AFB4-D8E1F46D47D2}.Release|x86.ActiveCfg = Release|Any CPU
		{0B58047F-2083-45EF-AFB4-D8E1F46D47D2}.Release|x86.Build.0 = Release|Any CPU
		{944877C7-4B0E-4DF1-9C6B-E3FDCCE8C21B}.Debug|Any CPU.ActiveCfg = Debug|Any CPU
		{944877C7-4B0E-4DF1-9C6B-E3FDCCE8C21B}.Debug|Any CPU.Build.0 = Debug|Any CPU
		{944877C7-4B0E-4DF1-9C6B-E3FDCCE8C21B}.Debug|x64.ActiveCfg = Debug|Any CPU
		{944877C7-4B0E-4DF1-9C6B-E3FDCCE8C21B}.Debug|x64.Build.0 = Debug|Any CPU
		{944877C7-4B0E-4DF1-9C6B-E3FDCCE8C21B}.Debug|x86.ActiveCfg = Debug|Any CPU
		{944877C7-4B0E-4DF1-9C6B-E3FDCCE8C21B}.Debug|x86.Build.0 = Debug|Any CPU
		{944877C7-4B0E-4DF1-9C6B-E3FDCCE8C21B}.Release|Any CPU.ActiveCfg = Release|Any CPU
		{944877C7-4B0E-4DF1-9C6B-E3FDCCE8C21B}.Release|Any CPU.Build.0 = Release|Any CPU
		{944877C7-4B0E-4DF1-9C6B-E3FDCCE8C21B}.Release|x64.ActiveCfg = Release|Any CPU
		{944877C7-4B0E-4DF1-9C6B-E3FDCCE8C21B}.Release|x64.Build.0 = Release|Any CPU
		{944877C7-4B0E-4DF1-9C6B-E3FDCCE8C21B}.Release|x86.ActiveCfg = Release|Any CPU
		{944877C7-4B0E-4DF1-9C6B-E3FDCCE8C21B}.Release|x86.Build.0 = Release|Any CPU
	EndGlobalSection
	GlobalSection(NestedProjects) = preSolution
		{E14DA56B-13B7-493E-86D2-CB78EA85880B} = {C3106F6B-9D1C-4DAC-8E3A-394ADD262160}
		{0B58047F-2083-45EF-AFB4-D8E1F46D47D2} = {37325D2F-A219-4301-94DB-0584B1098F8A}
		{944877C7-4B0E-4DF1-9C6B-E3FDCCE8C21B} = {C3106F6B-9D1C-4DAC-8E3A-394ADD262160}
	EndGlobalSection
EndGlobal
